// !$*UTF8*$!
{
	archiveVersion = 1;
	classes = {
	};
	objectVersion = 50;
	objects = {

/* Begin PBXBuildFile section */
		586001D123D9F4CA00DDFF05 /* AppDelegate.swift in Sources */ = {isa = PBXBuildFile; fileRef = 586001D023D9F4CA00DDFF05 /* AppDelegate.swift */; };
		586001D323D9F4CA00DDFF05 /* SceneDelegate.swift in Sources */ = {isa = PBXBuildFile; fileRef = 586001D223D9F4CA00DDFF05 /* SceneDelegate.swift */; };
		586001D523D9F4CA00DDFF05 /* ViewController.swift in Sources */ = {isa = PBXBuildFile; fileRef = 586001D423D9F4CA00DDFF05 /* ViewController.swift */; };
		586001D823D9F4CA00DDFF05 /* Main.storyboard in Resources */ = {isa = PBXBuildFile; fileRef = 586001D623D9F4CA00DDFF05 /* Main.storyboard */; };
		586001DA23D9F4CB00DDFF05 /* Assets.xcassets in Resources */ = {isa = PBXBuildFile; fileRef = 586001D923D9F4CB00DDFF05 /* Assets.xcassets */; };
		586001DD23D9F4CB00DDFF05 /* LaunchScreen.storyboard in Resources */ = {isa = PBXBuildFile; fileRef = 586001DB23D9F4CB00DDFF05 /* LaunchScreen.storyboard */; };
		586001E823D9F4CB00DDFF05 /* RecursionTests.swift in Sources */ = {isa = PBXBuildFile; fileRef = 586001E723D9F4CB00DDFF05 /* RecursionTests.swift */; };
/* End PBXBuildFile section */

/* Begin PBXContainerItemProxy section */
		586001E423D9F4CB00DDFF05 /* PBXContainerItemProxy */ = {
			isa = PBXContainerItemProxy;
			containerPortal = 586001C523D9F4CA00DDFF05 /* Project object */;
			proxyType = 1;
			remoteGlobalIDString = 586001CC23D9F4CA00DDFF05;
			remoteInfo = Recursion;
		};
/* End PBXContainerItemProxy section */

/* Begin PBXFileReference section */
		586001CD23D9F4CA00DDFF05 /* Recursion.app */ = {isa = PBXFileReference; explicitFileType = wrapper.application; includeInIndex = 0; path = Recursion.app; sourceTree = BUILT_PRODUCTS_DIR; };
		586001D023D9F4CA00DDFF05 /* AppDelegate.swift */ = {isa = PBXFileReference; lastKnownFileType = sourcecode.swift; path = AppDelegate.swift; sourceTree = "<group>"; };
		586001D223D9F4CA00DDFF05 /* SceneDelegate.swift */ = {isa = PBXFileReference; lastKnownFileType = sourcecode.swift; path = SceneDelegate.swift; sourceTree = "<group>"; };
		586001D423D9F4CA00DDFF05 /* ViewController.swift */ = {isa = PBXFileReference; lastKnownFileType = sourcecode.swift; path = ViewController.swift; sourceTree = "<group>"; };
		586001D723D9F4CA00DDFF05 /* Base */ = {isa = PBXFileReference; lastKnownFileType = file.storyboard; name = Base; path = Base.lproj/Main.storyboard; sourceTree = "<group>"; };
		586001D923D9F4CB00DDFF05 /* Assets.xcassets */ = {isa = PBXFileReference; lastKnownFileType = folder.assetcatalog; path = Assets.xcassets; sourceTree = "<group>"; };
		586001DC23D9F4CB00DDFF05 /* Base */ = {isa = PBXFileReference; lastKnownFileType = file.storyboard; name = Base; path = Base.lproj/LaunchScreen.storyboard; sourceTree = "<group>"; };
		586001DE23D9F4CB00DDFF05 /* Info.plist */ = {isa = PBXFileReference; lastKnownFileType = text.plist.xml; path = Info.plist; sourceTree = "<group>"; };
		586001E323D9F4CB00DDFF05 /* RecursionTests.xctest */ = {isa = PBXFileReference; explicitFileType = wrapper.cfbundle; includeInIndex = 0; path = RecursionTests.xctest; sourceTree = BUILT_PRODUCTS_DIR; };
		586001E723D9F4CB00DDFF05 /* RecursionTests.swift */ = {isa = PBXFileReference; lastKnownFileType = sourcecode.swift; path = RecursionTests.swift; sourceTree = "<group>"; };
		586001E923D9F4CB00DDFF05 /* Info.plist */ = {isa = PBXFileReference; lastKnownFileType = text.plist.xml; path = Info.plist; sourceTree = "<group>"; };
/* End PBXFileReference section */

/* Begin PBXFrameworksBuildPhase section */
		586001CA23D9F4CA00DDFF05 /* Frameworks */ = {
			isa = PBXFrameworksBuildPhase;
			buildActionMask = 2147483647;
			files = (
			);
			runOnlyForDeploymentPostprocessing = 0;
		};
		586001E023D9F4CB00DDFF05 /* Frameworks */ = {
			isa = PBXFrameworksBuildPhase;
			buildActionMask = 2147483647;
			files = (
			);
			runOnlyForDeploymentPostprocessing = 0;
		};
/* End PBXFrameworksBuildPhase section */

/* Begin PBXGroup section */
		586001C423D9F4CA00DDFF05 = {
			isa = PBXGroup;
			children = (
				586001CF23D9F4CA00DDFF05 /* Recursion */,
				586001E623D9F4CB00DDFF05 /* RecursionTests */,
				586001CE23D9F4CA00DDFF05 /* Products */,
			);
			sourceTree = "<group>";
		};
		586001CE23D9F4CA00DDFF05 /* Products */ = {
			isa = PBXGroup;
			children = (
				586001CD23D9F4CA00DDFF05 /* Recursion.app */,
				586001E323D9F4CB00DDFF05 /* RecursionTests.xctest */,
			);
			name = Products;
			sourceTree = "<group>";
		};
		586001CF23D9F4CA00DDFF05 /* Recursion */ = {
			isa = PBXGroup;
			children = (
				586001D023D9F4CA00DDFF05 /* AppDelegate.swift */,
				586001D223D9F4CA00DDFF05 /* SceneDelegate.swift */,
				586001D423D9F4CA00DDFF05 /* ViewController.swift */,
				586001D623D9F4CA00DDFF05 /* Main.storyboard */,
				586001D923D9F4CB00DDFF05 /* Assets.xcassets */,
				586001DB23D9F4CB00DDFF05 /* LaunchScreen.storyboard */,
				586001DE23D9F4CB00DDFF05 /* Info.plist */,
			);
			path = Recursion;
			sourceTree = "<group>";
		};
		586001E623D9F4CB00DDFF05 /* RecursionTests */ = {
			isa = PBXGroup;
			children = (
				586001E723D9F4CB00DDFF05 /* RecursionTests.swift */,
				586001E923D9F4CB00DDFF05 /* Info.plist */,
			);
			path = RecursionTests;
			sourceTree = "<group>";
		};
/* End PBXGroup section */

/* Begin PBXNativeTarget section */
		586001CC23D9F4CA00DDFF05 /* Recursion */ = {
			isa = PBXNativeTarget;
			buildConfigurationList = 586001EC23D9F4CB00DDFF05 /* Build configuration list for PBXNativeTarget "Recursion" */;
			buildPhases = (
				586001C923D9F4CA00DDFF05 /* Sources */,
				586001CA23D9F4CA00DDFF05 /* Frameworks */,
				586001CB23D9F4CA00DDFF05 /* Resources */,
			);
			buildRules = (
			);
			dependencies = (
			);
			name = Recursion;
			productName = Recursion;
			productReference = 586001CD23D9F4CA00DDFF05 /* Recursion.app */;
			productType = "com.apple.product-type.application";
		};
		586001E223D9F4CB00DDFF05 /* RecursionTests */ = {
			isa = PBXNativeTarget;
			buildConfigurationList = 586001EF23D9F4CB00DDFF05 /* Build configuration list for PBXNativeTarget "RecursionTests" */;
			buildPhases = (
				586001DF23D9F4CB00DDFF05 /* Sources */,
				586001E023D9F4CB00DDFF05 /* Frameworks */,
				586001E123D9F4CB00DDFF05 /* Resources */,
			);
			buildRules = (
			);
			dependencies = (
				586001E523D9F4CB00DDFF05 /* PBXTargetDependency */,
			);
			name = RecursionTests;
			productName = RecursionTests;
			productReference = 586001E323D9F4CB00DDFF05 /* RecursionTests.xctest */;
			productType = "com.apple.product-type.bundle.unit-test";
		};
/* End PBXNativeTarget section */

/* Begin PBXProject section */
		586001C523D9F4CA00DDFF05 /* Project object */ = {
			isa = PBXProject;
			attributes = {
				LastSwiftUpdateCheck = 1130;
				LastUpgradeCheck = 1130;
				ORGANIZATIONNAME = "Eric Davenport";
				TargetAttributes = {
					586001CC23D9F4CA00DDFF05 = {
						CreatedOnToolsVersion = 11.3.1;
					};
					586001E223D9F4CB00DDFF05 = {
						CreatedOnToolsVersion = 11.3.1;
						TestTargetID = 586001CC23D9F4CA00DDFF05;
					};
				};
			};
			buildConfigurationList = 586001C823D9F4CA00DDFF05 /* Build configuration list for PBXProject "Recursion" */;
			compatibilityVersion = "Xcode 9.3";
			developmentRegion = en;
			hasScannedForEncodings = 0;
			knownRegions = (
				en,
				Base,
			);
			mainGroup = 586001C423D9F4CA00DDFF05;
			productRefGroup = 586001CE23D9F4CA00DDFF05 /* Products */;
			projectDirPath = "";
			projectRoot = "";
			targets = (
				586001CC23D9F4CA00DDFF05 /* Recursion */,
				586001E223D9F4CB00DDFF05 /* RecursionTests */,
			);
		};
/* End PBXProject section */

/* Begin PBXResourcesBuildPhase section */
		586001CB23D9F4CA00DDFF05 /* Resources */ = {
			isa = PBXResourcesBuildPhase;
			buildActionMask = 2147483647;
			files = (
				586001DD23D9F4CB00DDFF05 /* LaunchScreen.storyboard in Resources */,
				586001DA23D9F4CB00DDFF05 /* Assets.xcassets in Resources */,
				586001D823D9F4CA00DDFF05 /* Main.storyboard in Resources */,
			);
			runOnlyForDeploymentPostprocessing = 0;
		};
		586001E123D9F4CB00DDFF05 /* Resources */ = {
			isa = PBXResourcesBuildPhase;
			buildActionMask = 2147483647;
			files = (
			);
			runOnlyForDeploymentPostprocessing = 0;
		};
/* End PBXResourcesBuildPhase section */

/* Begin PBXSourcesBuildPhase section */
		586001C923D9F4CA00DDFF05 /* Sources */ = {
			isa = PBXSourcesBuildPhase;
			buildActionMask = 2147483647;
			files = (
				586001D523D9F4CA00DDFF05 /* ViewController.swift in Sources */,
				586001D123D9F4CA00DDFF05 /* AppDelegate.swift in Sources */,
				586001D323D9F4CA00DDFF05 /* SceneDelegate.swift in Sources */,
			);
			runOnlyForDeploymentPostprocessing = 0;
		};
		586001DF23D9F4CB00DDFF05 /* Sources */ = {
			isa = PBXSourcesBuildPhase;
			buildActionMask = 2147483647;
			files = (
				586001E823D9F4CB00DDFF05 /* RecursionTests.swift in Sources */,
			);
			runOnlyForDeploymentPostprocessing = 0;
		};
/* End PBXSourcesBuildPhase section */

/* Begin PBXTargetDependency section */
		586001E523D9F4CB00DDFF05 /* PBXTargetDependency */ = {
			isa = PBXTargetDependency;
			target = 586001CC23D9F4CA00DDFF05 /* Recursion */;
			targetProxy = 586001E423D9F4CB00DDFF05 /* PBXContainerItemProxy */;
		};
/* End PBXTargetDependency section */

/* Begin PBXVariantGroup section */
		586001D623D9F4CA00DDFF05 /* Main.storyboard */ = {
			isa = PBXVariantGroup;
			children = (
				586001D723D9F4CA00DDFF05 /* Base */,
			);
			name = Main.storyboard;
			sourceTree = "<group>";
		};
		586001DB23D9F4CB00DDFF05 /* LaunchScreen.storyboard */ = {
			isa = PBXVariantGroup;
			children = (
				586001DC23D9F4CB00DDFF05 /* Base */,
			);
			name = LaunchScreen.storyboard;
			sourceTree = "<group>";
		};
/* End PBXVariantGroup section */

/* Begin XCBuildConfiguration section */
		586001EA23D9F4CB00DDFF05 /* Debug */ = {
			isa = XCBuildConfiguration;
			buildSettings = {
				ALWAYS_SEARCH_USER_PATHS = NO;
				CLANG_ANALYZER_NONNULL = YES;
				CLANG_ANALYZER_NUMBER_OBJECT_CONVERSION = YES_AGGRESSIVE;
				CLANG_CXX_LANGUAGE_STANDARD = "gnu++14";
				CLANG_CXX_LIBRARY = "libc++";
				CLANG_ENABLE_MODULES = YES;
				CLANG_ENABLE_OBJC_ARC = YES;
				CLANG_ENABLE_OBJC_WEAK = YES;
				CLANG_WARN_BLOCK_CAPTURE_AUTORELEASING = YES;
				CLANG_WARN_BOOL_CONVERSION = YES;
				CLANG_WARN_COMMA = YES;
				CLANG_WARN_CONSTANT_CONVERSION = YES;
				CLANG_WARN_DEPRECATED_OBJC_IMPLEMENTATIONS = YES;
				CLANG_WARN_DIRECT_OBJC_ISA_USAGE = YES_ERROR;
				CLANG_WARN_DOCUMENTATION_COMMENTS = YES;
				CLANG_WARN_EMPTY_BODY = YES;
				CLANG_WARN_ENUM_CONVERSION = YES;
				CLANG_WARN_INFINITE_RECURSION = YES;
				CLANG_WARN_INT_CONVERSION = YES;
				CLANG_WARN_NON_LITERAL_NULL_CONVERSION = YES;
				CLANG_WARN_OBJC_IMPLICIT_RETAIN_SELF = YES;
				CLANG_WARN_OBJC_LITERAL_CONVERSION = YES;
				CLANG_WARN_OBJC_ROOT_CLASS = YES_ERROR;
				CLANG_WARN_RANGE_LOOP_ANALYSIS = YES;
				CLANG_WARN_STRICT_PROTOTYPES = YES;
				CLANG_WARN_SUSPICIOUS_MOVE = YES;
				CLANG_WARN_UNGUARDED_AVAILABILITY = YES_AGGRESSIVE;
				CLANG_WARN_UNREACHABLE_CODE = YES;
				CLANG_WARN__DUPLICATE_METHOD_MATCH = YES;
				COPY_PHASE_STRIP = NO;
				DEBUG_INFORMATION_FORMAT = dwarf;
				ENABLE_STRICT_OBJC_MSGSEND = YES;
				ENABLE_TESTABILITY = YES;
				GCC_C_LANGUAGE_STANDARD = gnu11;
				GCC_DYNAMIC_NO_PIC = NO;
				GCC_NO_COMMON_BLOCKS = YES;
				GCC_OPTIMIZATION_LEVEL = 0;
				GCC_PREPROCESSOR_DEFINITIONS = (
					"DEBUG=1",
					"$(inherited)",
				);
				GCC_WARN_64_TO_32_BIT_CONVERSION = YES;
				GCC_WARN_ABOUT_RETURN_TYPE = YES_ERROR;
				GCC_WARN_UNDECLARED_SELECTOR = YES;
				GCC_WARN_UNINITIALIZED_AUTOS = YES_AGGRESSIVE;
				GCC_WARN_UNUSED_FUNCTION = YES;
				GCC_WARN_UNUSED_VARIABLE = YES;
				IPHONEOS_DEPLOYMENT_TARGET = 13.2;
				MTL_ENABLE_DEBUG_INFO = INCLUDE_SOURCE;
				MTL_FAST_MATH = YES;
				ONLY_ACTIVE_ARCH = YES;
				SDKROOT = iphoneos;
				SWIFT_ACTIVE_COMPILATION_CONDITIONS = DEBUG;
				SWIFT_OPTIMIZATION_LEVEL = "-Onone";
			};
			name = Debug;
		};
		586001EB23D9F4CB00DDFF05 /* Release */ = {
			isa = XCBuildConfiguration;
			buildSettings = {
				ALWAYS_SEARCH_USER_PATHS = NO;
				CLANG_ANALYZER_NONNULL = YES;
				CLANG_ANALYZER_NUMBER_OBJECT_CONVERSION = YES_AGGRESSIVE;
				CLANG_CXX_LANGUAGE_STANDARD = "gnu++14";
				CLANG_CXX_LIBRARY = "libc++";
				CLANG_ENABLE_MODULES = YES;
				CLANG_ENABLE_OBJC_ARC = YES;
				CLANG_ENABLE_OBJC_WEAK = YES;
				CLANG_WARN_BLOCK_CAPTURE_AUTORELEASING = YES;
				CLANG_WARN_BOOL_CONVERSION = YES;
				CLANG_WARN_COMMA = YES;
				CLANG_WARN_CONSTANT_CONVERSION = YES;
				CLANG_WARN_DEPRECATED_OBJC_IMPLEMENTATIONS = YES;
				CLANG_WARN_DIRECT_OBJC_ISA_USAGE = YES_ERROR;
				CLANG_WARN_DOCUMENTATION_COMMENTS = YES;
				CLANG_WARN_EMPTY_BODY = YES;
				CLANG_WARN_ENUM_CONVERSION = YES;
				CLANG_WARN_INFINITE_RECURSION = YES;
				CLANG_WARN_INT_CONVERSION = YES;
				CLANG_WARN_NON_LITERAL_NULL_CONVERSION = YES;
				CLANG_WARN_OBJC_IMPLICIT_RETAIN_SELF = YES;
				CLANG_WARN_OBJC_LITERAL_CONVERSION = YES;
				CLANG_WARN_OBJC_ROOT_CLASS = YES_ERROR;
				CLANG_WARN_RANGE_LOOP_ANALYSIS = YES;
				CLANG_WARN_STRICT_PROTOTYPES = YES;
				CLANG_WARN_SUSPICIOUS_MOVE = YES;
				CLANG_WARN_UNGUARDED_AVAILABILITY = YES_AGGRESSIVE;
				CLANG_WARN_UNREACHABLE_CODE = YES;
				CLANG_WARN__DUPLICATE_METHOD_MATCH = YES;
				COPY_PHASE_STRIP = NO;
				DEBUG_INFORMATION_FORMAT = "dwarf-with-dsym";
				ENABLE_NS_ASSERTIONS = NO;
				ENABLE_STRICT_OBJC_MSGSEND = YES;
				GCC_C_LANGUAGE_STANDARD = gnu11;
				GCC_NO_COMMON_BLOCKS = YES;
				GCC_WARN_64_TO_32_BIT_CONVERSION = YES;
				GCC_WARN_ABOUT_RETURN_TYPE = YES_ERROR;
				GCC_WARN_UNDECLARED_SELECTOR = YES;
				GCC_WARN_UNINITIALIZED_AUTOS = YES_AGGRESSIVE;
				GCC_WARN_UNUSED_FUNCTION = YES;
				GCC_WARN_UNUSED_VARIABLE = YES;
				IPHONEOS_DEPLOYMENT_TARGET = 13.2;
				MTL_ENABLE_DEBUG_INFO = NO;
				MTL_FAST_MATH = YES;
				SDKROOT = iphoneos;
				SWIFT_COMPILATION_MODE = wholemodule;
				SWIFT_OPTIMIZATION_LEVEL = "-O";
				VALIDATE_PRODUCT = YES;
			};
			name = Release;
		};
		586001ED23D9F4CB00DDFF05 /* Debug */ = {
			isa = XCBuildConfiguration;
			buildSettings = {
				ASSETCATALOG_COMPILER_APPICON_NAME = AppIcon;
				CODE_SIGN_STYLE = Automatic;
				DEVELOPMENT_TEAM = 3YV6C3YLPG;
				INFOPLIST_FILE = Recursion/Info.plist;
				LD_RUNPATH_SEARCH_PATHS = (
					"$(inherited)",
					"@executable_path/Frameworks",
				);
				PRODUCT_BUNDLE_IDENTIFIER = org.ericdavenport.Recursion;
				PRODUCT_NAME = "$(TARGET_NAME)";
				SWIFT_VERSION = 5.0;
				TARGETED_DEVICE_FAMILY = "1,2";
			};
			name = Debug;
		};
		586001EE23D9F4CB00DDFF05 /* Release */ = {
			isa = XCBuildConfiguration;
			buildSettings = {
				ASSETCATALOG_COMPILER_APPICON_NAME = AppIcon;
				CODE_SIGN_STYLE = Automatic;
				DEVELOPMENT_TEAM = 3YV6C3YLPG;
				INFOPLIST_FILE = Recursion/Info.plist;
				LD_RUNPATH_SEARCH_PATHS = (
					"$(inherited)",
					"@executable_path/Frameworks",
				);
				PRODUCT_BUNDLE_IDENTIFIER = org.ericdavenport.Recursion;
				PRODUCT_NAME = "$(TARGET_NAME)";
				SWIFT_VERSION = 5.0;
				TARGETED_DEVICE_FAMILY = "1,2";
			};
			name = Release;
		};
		586001F023D9F4CB00DDFF05 /* Debug */ = {
			isa = XCBuildConfiguration;
			buildSettings = {
				ALWAYS_EMBED_SWIFT_STANDARD_LIBRARIES = YES;
				BUNDLE_LOADER = "$(TEST_HOST)";
				CODE_SIGN_STYLE = Automatic;
				DEVELOPMENT_TEAM = 3YV6C3YLPG;
				INFOPLIST_FILE = RecursionTests/Info.plist;
				IPHONEOS_DEPLOYMENT_TARGET = 13.2;
				LD_RUNPATH_SEARCH_PATHS = (
					"$(inherited)",
					"@executable_path/Frameworks",
					"@loader_path/Frameworks",
				);
				PRODUCT_BUNDLE_IDENTIFIER = org.ericdavenport.RecursionTests;
				PRODUCT_NAME = "$(TARGET_NAME)";
				SWIFT_VERSION = 5.0;
				TARGETED_DEVICE_FAMILY = "1,2";
				TEST_HOST = "$(BUILT_PRODUCTS_DIR)/Recursion.app/Recursion";
			};
			name = Debug;
		};
		586001F123D9F4CB00DDFF05 /* Release */ = {
			isa = XCBuildConfiguration;
			buildSettings = {
				ALWAYS_EMBED_SWIFT_STANDARD_LIBRARIES = YES;
				BUNDLE_LOADER = "$(TEST_HOST)";
				CODE_SIGN_STYLE = Automatic;
				DEVELOPMENT_TEAM = 3YV6C3YLPG;
				INFOPLIST_FILE = RecursionTests/Info.plist;
				IPHONEOS_DEPLOYMENT_TARGET = 13.2;
				LD_RUNPATH_SEARCH_PATHS = (
					"$(inherited)",
					"@executable_path/Frameworks",
					"@loader_path/Frameworks",
				);
				PRODUCT_BUNDLE_IDENTIFIER = org.ericdavenport.RecursionTests;
				PRODUCT_NAME = "$(TARGET_NAME)";
				SWIFT_VERSION = 5.0;
				TARGETED_DEVICE_FAMILY = "1,2";
				TEST_HOST = "$(BUILT_PRODUCTS_DIR)/Recursion.app/Recursion";
			};
			name = Release;
		};
/* End XCBuildConfiguration section */

/* Begin XCConfigurationList section */
		586001C823D9F4CA00DDFF05 /* Build configuration list for PBXProject "Recursion" */ = {
			isa = XCConfigurationList;
			buildConfigurations = (
				586001EA23D9F4CB00DDFF05 /* Debug */,
				586001EB23D9F4CB00DDFF05 /* Release */,
			);
			defaultConfigurationIsVisible = 0;
			defaultConfigurationName = Release;
		};
		586001EC23D9F4CB00DDFF05 /* Build configuration list for PBXNativeTarget "Recursion" */ = {
			isa = XCConfigurationList;
			buildConfigurations = (
				586001ED23D9F4CB00DDFF05 /* Debug */,
				586001EE23D9F4CB00DDFF05 /* Release */,
			);
			defaultConfigurationIsVisible = 0;
			defaultConfigurationName = Release;
		};
		586001EF23D9F4CB00DDFF05 /* Build configuration list for PBXNativeTarget "RecursionTests" */ = {
			isa = XCConfigurationList;
			buildConfigurations = (
				586001F023D9F4CB00DDFF05 /* Debug */,
				586001F123D9F4CB00DDFF05 /* Release */,
			);
			defaultConfigurationIsVisible = 0;
			defaultConfigurationName = Release;
		};
/* End XCConfigurationList section */
	};
	rootObject = 586001C523D9F4CA00DDFF05 /* Project object */;
}
